PODS:
  - ProcedureKit (4.3.2):
    - ProcedureKit/Standard (= 4.3.2)
  - ProcedureKit/All (4.3.2):
    - ProcedureKit/Cloud
    - ProcedureKit/Location
    - ProcedureKit/Network
  - ProcedureKit/Cloud (4.3.2):
    - ProcedureKit/Standard
  - ProcedureKit/Location (4.3.2):
    - ProcedureKit/Standard
  - ProcedureKit/Mobile (4.3.2):
    - ProcedureKit/Standard
  - ProcedureKit/Network (4.3.2):
    - ProcedureKit/Standard
  - ProcedureKit/Standard (4.3.2)
  - TestingProcedureKit (4.3.2):
    - TestingProcedureKit/Testing (= 4.3.2)
  - TestingProcedureKit/Testing (4.3.2):
    - ProcedureKit

DEPENDENCIES:
  - ProcedureKit/All (from `submodules/ProcedureKit`)
  - ProcedureKit/Mobile (from `submodules/ProcedureKit`)
  - TestingProcedureKit (from `submodules/ProcedureKit`)

EXTERNAL SOURCES:
  ProcedureKit:
    :path: submodules/ProcedureKit
  TestingProcedureKit:
    :path: submodules/ProcedureKit

SPEC CHECKSUMS:
  ProcedureKit: 23a26525ec91dc8a0cf6ba5c3cb611bdbb23fb57
  TestingProcedureKit: 988f112726ff5fb748af135d57fbd2ecdd12d84a

PODFILE CHECKSUM: e94ef54e0b12903fe887d14f5495fa8aa075b000

COCOAPODS: 1.2.1
